{
  "version": 4,
  "terraform_version": "1.9.8",
  "serial": 8,
  "lineage": "ef54f553-2fc4-0d94-15c1-69e25ad58244",
  "outputs": {
    "target_endpoint_arn": {
      "value": "arn:aws:dms:ap-northeast-2:471112662053:endpoint:LKJJMHZHW5FALLOLYMNDYZR4CE",
      "type": "string"
    }
  },
  "resources": [
    {
      "mode": "managed",
      "type": "aws_dms_endpoint",
      "name": "target",
      "provider": "provider[\"registry.terraform.io/hashicorp/aws\"]",
      "instances": [
        {
          "schema_version": 0,
          "attributes": {
            "certificate_arn": "",
            "database_name": "",
            "elasticsearch_settings": [],
            "endpoint_arn": "arn:aws:dms:ap-northeast-2:471112662053:endpoint:LKJJMHZHW5FALLOLYMNDYZR4CE",
            "endpoint_id": "target",
            "endpoint_type": "target",
            "engine_name": "mariadb",
            "extra_connection_attributes": "",
            "id": "target",
            "kafka_settings": [],
            "kinesis_settings": [],
            "kms_key_arn": "arn:aws:kms:ap-northeast-2:471112662053:key/46b39e97-1fbe-4fbf-aec6-6000b1a30e5b",
            "mongodb_settings": [],
            "password": "2731won$",
            "pause_replication_tasks": null,
            "port": 3306,
            "postgres_settings": [],
            "redis_settings": [],
            "redshift_settings": [],
            "s3_settings": [],
            "secrets_manager_access_role_arn": "",
            "secrets_manager_arn": "",
            "server_name": "database-1.c5ok2y88csdj.ap-northeast-2.rds.amazonaws.com",
            "service_access_role": null,
            "ssl_mode": "none",
            "tags": {
              "test": "1"
            },
            "tags_all": {
              "test": "1"
            },
            "timeouts": null,
            "username": "root"
          },
          "sensitive_attributes": [
            [
              {
                "type": "get_attr",
                "value": "password"
              }
            ]
          ],
          "private": "eyJlMmJmYjczMC1lY2FhLTExZTYtOGY4OC0zNDM2M2JjN2M0YzAiOnsiY3JlYXRlIjozMDAwMDAwMDAwMDAsImRlbGV0ZSI6NjAwMDAwMDAwMDAwfX0="
        }
      ]
    }
  ],
  "check_results": null
}
