{
  "version": 4,
  "terraform_version": "1.9.8",
  "serial": 53,
  "lineage": "0e7b7b38-6def-4478-e1f9-22a249daeea1",
  "outputs": {
    "source_endpoint_arn": {
      "value": "arn:aws:dms:ap-northeast-2:471112662053:endpoint:6Q2C6SMPK5B5LLTBD53FSQES6Q",
      "type": "string"
    }
  },
  "resources": [
    {
      "mode": "managed",
      "type": "aws_dms_endpoint",
      "name": "source",
      "provider": "provider[\"registry.terraform.io/hashicorp/aws\"]",
      "instances": [
        {
          "schema_version": 0,
          "attributes": {
            "certificate_arn": "",
            "database_name": "",
            "elasticsearch_settings": [],
            "endpoint_arn": "arn:aws:dms:ap-northeast-2:471112662053:endpoint:6Q2C6SMPK5B5LLTBD53FSQES6Q",
            "endpoint_id": "source",
            "endpoint_type": "source",
            "engine_name": "mysql",
            "extra_connection_attributes": "",
            "id": "source",
            "kafka_settings": [],
            "kinesis_settings": [],
            "kms_key_arn": "arn:aws:kms:ap-northeast-2:471112662053:key/46b39e97-1fbe-4fbf-aec6-6000b1a30e5b",
            "mongodb_settings": [],
            "password": "1234",
            "pause_replication_tasks": null,
            "port": 3307,
            "postgres_settings": [],
            "redis_settings": [],
            "redshift_settings": [],
            "s3_settings": [],
            "secrets_manager_access_role_arn": "",
            "secrets_manager_arn": "",
            "server_name": "172.31.128.1",
            "service_access_role": null,
            "ssl_mode": "none",
            "tags": {
              "test": "1"
            },
            "tags_all": {
              "test": "1"
            },
            "timeouts": null,
            "username": "admin"
          },
          "sensitive_attributes": [
            [
              {
                "type": "get_attr",
                "value": "password"
              }
            ]
          ],
          "private": "eyJlMmJmYjczMC1lY2FhLTExZTYtOGY4OC0zNDM2M2JjN2M0YzAiOnsiY3JlYXRlIjozMDAwMDAwMDAwMDAsImRlbGV0ZSI6NjAwMDAwMDAwMDAwfX0="
        }
      ]
    }
  ],
  "check_results": null
}
